
Microsoft Visual Studio Solution File, Format Version 12.00
# Visual Studio 2017
Project("{FAE04EC0-301F-11D3-BF4B-00C04F79EFBC}") = "DawnFall", "DawnFall.csproj", "{D6ED9F14-35D2-6F55-8704-526A2ED884FA}"
EndProject
Project("{FAE04EC0-301F-11D3-BF4B-00C04F79EFBC}") = "DawnFall.Editor", "DawnFall.Editor.csproj", "{C132AC45-CDE9-01BD-BA3B-3B00926E11FA}"
EndProject
Global
	GlobalSection(SolutionConfigurationPlatforms) = preSolution
		Debug|Any CPU = Debug|Any CPU
		Release|Any CPU = Release|Any CPU
	EndGlobalSection
	GlobalSection(ProjectConfigurationPlatforms) = postSolution
		{D6ED9F14-35D2-6F55-8704-526A2ED884FA}.Debug|Any CPU.ActiveCfg = Debug|Any CPU
		{D6ED9F14-35D2-6F55-8704-526A2ED884FA}.Debug|Any CPU.Build.0 = Debug|Any CPU
		{D6ED9F14-35D2-6F55-8704-526A2ED884FA}.Release|Any CPU.ActiveCfg = Release|Any CPU
		{D6ED9F14-35D2-6F55-8704-526A2ED884FA}.Release|Any CPU.Build.0 = Release|Any CPU
		{C132AC45-CDE9-01BD-BA3B-3B00926E11FA}.Debug|Any CPU.ActiveCfg = Debug|Any CPU
		{C132AC45-CDE9-01BD-BA3B-3B00926E11FA}.Debug|Any CPU.Build.0 = Debug|Any CPU
		{C132AC45-CDE9-01BD-BA3B-3B00926E11FA}.Release|Any CPU.ActiveCfg = Release|Any CPU
		{C132AC45-CDE9-01BD-BA3B-3B00926E11FA}.Release|Any CPU.Build.0 = Release|Any CPU
	EndGlobalSection
	GlobalSection(SolutionProperties) = preSolution
		HideSolutionNode = FALSE
	EndGlobalSection
EndGlobal
